github.com/arex0/go-ext v0.0.0-20200326041900-286c8ad8f5fe h1:Yv9LkhZkne5TXI715bPSviQqMmqmDRx2HoNHGeuldWQ=
github.com/arex0/go-ext v0.0.0-20200326041900-286c8ad8f5fe/go.mod h1:7Q7b7jlTm/e6Kwuk9fm0LwLXTZ+1zkU1gzNiCyZe7nY=
github.com/arex0/server v0.0.0-20200407064509-0c5bcdb6edb5 h1:u6N1XHLnacofOBlOm2ECj+fmv1cu1c1oDd4gxe3Ba4I=
github.com/arex0/server v0.0.0-20200407064509-0c5bcdb6edb5/go.mod h1:Mw8wb4eyR2w05G4XJRATVpFjqR8FE0cZgjkCgERE2OA=
golang.org/x/crypto v0.0.0-20190308221718-c2843e01d9a2/go.mod h1:djNgcEr1/C05ACkg1iLfiJU5Ep61QUkGW8qpdssI0+w=
golang.org/x/crypto v0.0.0-20200406173513-056763e48d71 h1:DOmugCavvUtnUD114C1Wh+UgTgQZ4pMLzXxi1pSt+/Y=
golang.org/x/crypto v0.0.0-20200406173513-056763e48d71/go.mod h1:LzIPMQfyMNhhGPhUkYOs5KpL4U8rLKemX1yGLhDgUto=
golang.org/x/net v0.0.0-20190404232315-eb5bcb51f2a3 h1:0GoQqolDA55aaLxZyTzK/Y2ePZzZTUrRacwib7cNsYQ=
golang.org/x/net v0.0.0-20190404232315-eb5bcb51f2a3/go.mod h1:t9HGtf8HONx5eT2rtn7q6eTqICYqUVnKs3thJo3Qplg=
golang.org/x/sys v0.0.0-20190215142949-d0b11bdaac8a/go.mod h1:STP8DvDyc/dI5b8T5hshtkjS+E42TnysNCUPdjciGhY=
golang.org/x/sys v0.0.0-20190412213103-97732733099d/go.mod h1:h1NjWce9XRLGQEsW7wpKNCjG9DtNlClVuFLEZdDNbEs=
golang.org/x/text v0.3.0 h1:g61tztE5qeGQ89tm6NTjjM9VPIm088od1l6aSorWRWg=
golang.org/x/text v0.3.0/go.mod h1:NqM8EUOU14njkJ3fqMW+pc6Ldnwhi/IjpwHt7yyuwOQ=
